PODS:
  - TPPageViewController (0.1.0)

DEPENDENCIES:
  - TPPageViewController (from `../`)

EXTERNAL SOURCES:
  TPPageViewController:
    :path: "../"

SPEC CHECKSUMS:
  TPPageViewController: cac83c9d55ba6ff4ddb4f93475397360b4427e30

PODFILE CHECKSUM: 1b8bb6a8a53e7319fb73e48381f57543c41b85ca

COCOAPODS: 1.5.3
